
Microsoft Visual Studio Solution File, Format Version 12.00
# Visual Studio Version 17
VisualStudioVersion = 17.10.34928.147
MinimumVisualStudioVersion = 10.0.40219.1
Project("{9A19103F-16F7-4668-BE54-9A1E7A4F7556}") = "PipelineNet", "PipelineNet\PipelineNet.csproj", "{1308EEF1-A460-4E1B-8ACC-3F913010D7F1}"
EndProject
Project("{9A19103F-16F7-4668-BE54-9A1E7A4F7556}") = "PipelineNet.Tests", "PipelineNet.Tests\PipelineNet.Tests.csproj", "{559B8284-C4C9-4281-8DDD-688AF4DABEEB}"
EndProject
Project("{FAE04EC0-301F-11D3-BF4B-00C04F79EFBC}") = "PipelineNet.Extensions.DependencyInjection", "PipelineNet.Extensions.DependencyInjection\PipelineNet.Extensions.DependencyInjection.csproj", "{95B65398-BF95-4BBD-86C7-E13957FB1A1E}"
EndProject
Project("{FAE04EC0-301F-11D3-BF4B-00C04F79EFBC}") = "PipelineNet.Extensions.DependencyInjection.Tests", "PipelineNet.Extensions.DependencyInjection.Tests\PipelineNet.Extensions.DependencyInjection.Tests.csproj", "{FB784AAC-F0C7-4D5D-9C7A-3CBA3DFD31B0}"
EndProject
Global
	GlobalSection(SolutionConfigurationPlatforms) = preSolution
		Debug|Any CPU = Debug|Any CPU
		Release|Any CPU = Release|Any CPU
	EndGlobalSection
	GlobalSection(ProjectConfigurationPlatforms) = postSolution
		{1308EEF1-A460-4E1B-8ACC-3F913010D7F1}.Debug|Any CPU.ActiveCfg = Debug|Any CPU
		{1308EEF1-A460-4E1B-8ACC-3F913010D7F1}.Debug|Any CPU.Build.0 = Debug|Any CPU
		{1308EEF1-A460-4E1B-8ACC-3F913010D7F1}.Release|Any CPU.ActiveCfg = Release|Any CPU
		{1308EEF1-A460-4E1B-8ACC-3F913010D7F1}.Release|Any CPU.Build.0 = Release|Any CPU
		{559B8284-C4C9-4281-8DDD-688AF4DABEEB}.Debug|Any CPU.ActiveCfg = Debug|Any CPU
		{559B8284-C4C9-4281-8DDD-688AF4DABEEB}.Debug|Any CPU.Build.0 = Debug|Any CPU
		{559B8284-C4C9-4281-8DDD-688AF4DABEEB}.Release|Any CPU.ActiveCfg = Release|Any CPU
		{559B8284-C4C9-4281-8DDD-688AF4DABEEB}.Release|Any CPU.Build.0 = Release|Any CPU
		{95B65398-BF95-4BBD-86C7-E13957FB1A1E}.Debug|Any CPU.ActiveCfg = Debug|Any CPU
		{95B65398-BF95-4BBD-86C7-E13957FB1A1E}.Debug|Any CPU.Build.0 = Debug|Any CPU
		{95B65398-BF95-4BBD-86C7-E13957FB1A1E}.Release|Any CPU.ActiveCfg = Release|Any CPU
		{95B65398-BF95-4BBD-86C7-E13957FB1A1E}.Release|Any CPU.Build.0 = Release|Any CPU
		{FB784AAC-F0C7-4D5D-9C7A-3CBA3DFD31B0}.Debug|Any CPU.ActiveCfg = Debug|Any CPU
		{FB784AAC-F0C7-4D5D-9C7A-3CBA3DFD31B0}.Debug|Any CPU.Build.0 = Debug|Any CPU
		{FB784AAC-F0C7-4D5D-9C7A-3CBA3DFD31B0}.Release|Any CPU.ActiveCfg = Release|Any CPU
		{FB784AAC-F0C7-4D5D-9C7A-3CBA3DFD31B0}.Release|Any CPU.Build.0 = Release|Any CPU
	EndGlobalSection
	GlobalSection(SolutionProperties) = preSolution
		HideSolutionNode = FALSE
	EndGlobalSection
	GlobalSection(ExtensibilityGlobals) = postSolution
		SolutionGuid = {9AEAEE1B-7214-4265-8C6D-D62792D71E16}
	EndGlobalSection
EndGlobal
